
Microsoft Visual Studio Solution File, Format Version 12.00
# Visual Studio Version 16
VisualStudioVersion = 16.0.31829.152
MinimumVisualStudioVersion = 10.0.40219.1
Project("{FAE04EC0-301F-11D3-BF4B-00C04F79EFBC}") = "task1", "task1\task1.csproj", "{4E781BB3-65B9-4C01-9DEC-671506FE2D54}"
EndProject
Global
	GlobalSection(SolutionConfigurationPlatforms) = preSolution
		Debug|Any CPU = Debug|Any CPU
		Release|Any CPU = Release|Any CPU
	EndGlobalSection
	GlobalSection(ProjectConfigurationPlatforms) = postSolution
		{4E781BB3-65B9-4C01-9DEC-671506FE2D54}.Debug|Any CPU.ActiveCfg = Debug|Any CPU
		{4E781BB3-65B9-4C01-9DEC-671506FE2D54}.Debug|Any CPU.Build.0 = Debug|Any CPU
		{4E781BB3-65B9-4C01-9DEC-671506FE2D54}.Release|Any CPU.ActiveCfg = Release|Any CPU
		{4E781BB3-65B9-4C01-9DEC-671506FE2D54}.Release|Any CPU.Build.0 = Release|Any CPU
	EndGlobalSection
	GlobalSection(SolutionProperties) = preSolution
		HideSolutionNode = FALSE
	EndGlobalSection
	GlobalSection(ExtensibilityGlobals) = postSolution
		SolutionGuid = {B8C4A440-8CE8-408A-9282-3E9737988F89}
	EndGlobalSection
EndGlobal
